
Microsoft Visual Studio Solution File, Format Version 12.00
# Visual Studio 2012
Project("{FAE04EC0-301F-11D3-BF4B-00C04F79EFBC}") = "RxImage", "RxImage.csproj", "{43F0C335-AEEB-4E61-AB7A-41462E3FD513}"
EndProject
Global
	GlobalSection(SolutionConfigurationPlatforms) = preSolution
		Debug|iPhoneSimulator = Debug|iPhoneSimulator
		Release|iPhone = Release|iPhone
		Release|iPhoneSimulator = Release|iPhoneSimulator
		Debug|iPhone = Debug|iPhone
	EndGlobalSection
	GlobalSection(ProjectConfigurationPlatforms) = postSolution
		{43F0C335-AEEB-4E61-AB7A-41462E3FD513}.Debug|iPhone.ActiveCfg = Debug|iPhone
		{43F0C335-AEEB-4E61-AB7A-41462E3FD513}.Debug|iPhone.Build.0 = Debug|iPhone
		{43F0C335-AEEB-4E61-AB7A-41462E3FD513}.Debug|iPhoneSimulator.ActiveCfg = Debug|iPhoneSimulator
		{43F0C335-AEEB-4E61-AB7A-41462E3FD513}.Debug|iPhoneSimulator.Build.0 = Debug|iPhoneSimulator
		{43F0C335-AEEB-4E61-AB7A-41462E3FD513}.Release|iPhone.ActiveCfg = Release|iPhone
		{43F0C335-AEEB-4E61-AB7A-41462E3FD513}.Release|iPhone.Build.0 = Release|iPhone
		{43F0C335-AEEB-4E61-AB7A-41462E3FD513}.Release|iPhoneSimulator.ActiveCfg = Release|iPhoneSimulator
		{43F0C335-AEEB-4E61-AB7A-41462E3FD513}.Release|iPhoneSimulator.Build.0 = Release|iPhoneSimulator
	EndGlobalSection
EndGlobal
