
Microsoft Visual Studio Solution File, Format Version 12.00
# Visual Studio 2012
Project("{FAE04EC0-301F-11D3-BF4B-00C04F79EFBC}") = "HelloEvolve", "HelloEvolve.csproj", "{1DA940F1-5316-46DC-904A-BB338FDE3C47}"
EndProject
Global
	GlobalSection(SolutionConfigurationPlatforms) = preSolution
		Debug|iPhoneSimulator = Debug|iPhoneSimulator
		Release|iPhone = Release|iPhone
		Release|iPhoneSimulator = Release|iPhoneSimulator
		Debug|iPhone = Debug|iPhone
	EndGlobalSection
	GlobalSection(ProjectConfigurationPlatforms) = postSolution
		{1DA940F1-5316-46DC-904A-BB338FDE3C47}.Debug|iPhoneSimulator.ActiveCfg = Debug|iPhoneSimulator
		{1DA940F1-5316-46DC-904A-BB338FDE3C47}.Debug|iPhoneSimulator.Build.0 = Debug|iPhoneSimulator
		{1DA940F1-5316-46DC-904A-BB338FDE3C47}.Release|iPhone.ActiveCfg = Release|iPhone
		{1DA940F1-5316-46DC-904A-BB338FDE3C47}.Release|iPhone.Build.0 = Release|iPhone
		{1DA940F1-5316-46DC-904A-BB338FDE3C47}.Release|iPhoneSimulator.ActiveCfg = Release|iPhoneSimulator
		{1DA940F1-5316-46DC-904A-BB338FDE3C47}.Release|iPhoneSimulator.Build.0 = Release|iPhoneSimulator
		{1DA940F1-5316-46DC-904A-BB338FDE3C47}.Debug|iPhone.ActiveCfg = Debug|iPhone
		{1DA940F1-5316-46DC-904A-BB338FDE3C47}.Debug|iPhone.Build.0 = Debug|iPhone
	EndGlobalSection
EndGlobal
