
Microsoft Visual Studio Solution File, Format Version 12.00
# Visual Studio 2012
Project("{D954291E-2A0B-460D-934E-DC6B0785DB48}") = "Cheesed", "Cheesed\Cheesed.shproj", "{E5005E99-6C0A-4BCF-92A1-7DBF3AFEA463}"
EndProject
Project("{FAE04EC0-301F-11D3-BF4B-00C04F79EFBC}") = "Cheesed.iOS", "iOS\Cheesed.iOS.csproj", "{2CEA80F8-5747-4C78-9F1C-5625F258E1A2}"
EndProject
Project("{FAE04EC0-301F-11D3-BF4B-00C04F79EFBC}") = "Cheesed.Droid", "Droid\Cheesed.Droid.csproj", "{0CDC1F08-7D18-4C63-B1D4-6EF2AF5B56BD}"
EndProject
Global
	GlobalSection(SolutionConfigurationPlatforms) = preSolution
		Debug|iPhoneSimulator = Debug|iPhoneSimulator
		Release|iPhone = Release|iPhone
		Release|iPhoneSimulator = Release|iPhoneSimulator
		Debug|iPhone = Debug|iPhone
		Debug|Any CPU = Debug|Any CPU
		Release|Any CPU = Release|Any CPU
	EndGlobalSection
	GlobalSection(ProjectConfigurationPlatforms) = postSolution
		{0CDC1F08-7D18-4C63-B1D4-6EF2AF5B56BD}.Debug|Any CPU.ActiveCfg = Debug|Any CPU
		{0CDC1F08-7D18-4C63-B1D4-6EF2AF5B56BD}.Debug|Any CPU.Build.0 = Debug|Any CPU
		{0CDC1F08-7D18-4C63-B1D4-6EF2AF5B56BD}.Debug|iPhone.ActiveCfg = Debug|Any CPU
		{0CDC1F08-7D18-4C63-B1D4-6EF2AF5B56BD}.Debug|iPhone.Build.0 = Debug|Any CPU
		{0CDC1F08-7D18-4C63-B1D4-6EF2AF5B56BD}.Debug|iPhoneSimulator.ActiveCfg = Debug|Any CPU
		{0CDC1F08-7D18-4C63-B1D4-6EF2AF5B56BD}.Debug|iPhoneSimulator.Build.0 = Debug|Any CPU
		{0CDC1F08-7D18-4C63-B1D4-6EF2AF5B56BD}.Release|Any CPU.ActiveCfg = Release|Any CPU
		{0CDC1F08-7D18-4C63-B1D4-6EF2AF5B56BD}.Release|Any CPU.Build.0 = Release|Any CPU
		{0CDC1F08-7D18-4C63-B1D4-6EF2AF5B56BD}.Release|iPhone.ActiveCfg = Release|Any CPU
		{0CDC1F08-7D18-4C63-B1D4-6EF2AF5B56BD}.Release|iPhone.Build.0 = Release|Any CPU
		{0CDC1F08-7D18-4C63-B1D4-6EF2AF5B56BD}.Release|iPhoneSimulator.ActiveCfg = Release|Any CPU
		{0CDC1F08-7D18-4C63-B1D4-6EF2AF5B56BD}.Release|iPhoneSimulator.Build.0 = Release|Any CPU
		{2CEA80F8-5747-4C78-9F1C-5625F258E1A2}.Debug|Any CPU.ActiveCfg = Debug|iPhoneSimulator
		{2CEA80F8-5747-4C78-9F1C-5625F258E1A2}.Debug|Any CPU.Build.0 = Debug|iPhoneSimulator
		{2CEA80F8-5747-4C78-9F1C-5625F258E1A2}.Debug|iPhone.ActiveCfg = Debug|iPhone
		{2CEA80F8-5747-4C78-9F1C-5625F258E1A2}.Debug|iPhone.Build.0 = Debug|iPhone
		{2CEA80F8-5747-4C78-9F1C-5625F258E1A2}.Debug|iPhoneSimulator.ActiveCfg = Debug|iPhoneSimulator
		{2CEA80F8-5747-4C78-9F1C-5625F258E1A2}.Debug|iPhoneSimulator.Build.0 = Debug|iPhoneSimulator
		{2CEA80F8-5747-4C78-9F1C-5625F258E1A2}.Release|Any CPU.ActiveCfg = Release|iPhone
		{2CEA80F8-5747-4C78-9F1C-5625F258E1A2}.Release|Any CPU.Build.0 = Release|iPhone
		{2CEA80F8-5747-4C78-9F1C-5625F258E1A2}.Release|iPhone.ActiveCfg = Release|iPhone
		{2CEA80F8-5747-4C78-9F1C-5625F258E1A2}.Release|iPhone.Build.0 = Release|iPhone
		{2CEA80F8-5747-4C78-9F1C-5625F258E1A2}.Release|iPhoneSimulator.ActiveCfg = Release|iPhoneSimulator
		{2CEA80F8-5747-4C78-9F1C-5625F258E1A2}.Release|iPhoneSimulator.Build.0 = Release|iPhoneSimulator
	EndGlobalSection
EndGlobal
