
Microsoft Visual Studio Solution File, Format Version 12.00
# Visual Studio 2012
Project("{FAE04EC0-301F-11D3-BF4B-00C04F79EFBC}") = "Cheesy", "OrganizationDemo\Cheesy.csproj", "{7E992340-0410-443D-BD87-589FAD77A5D5}"
EndProject
Global
	GlobalSection(SolutionConfigurationPlatforms) = preSolution
		Debug|iPhoneSimulator = Debug|iPhoneSimulator
		Release|iPhone = Release|iPhone
		Release|iPhoneSimulator = Release|iPhoneSimulator
		Debug|iPhone = Debug|iPhone
	EndGlobalSection
	GlobalSection(ProjectConfigurationPlatforms) = postSolution
		{7E992340-0410-443D-BD87-589FAD77A5D5}.Debug|iPhoneSimulator.ActiveCfg = Debug|iPhoneSimulator
		{7E992340-0410-443D-BD87-589FAD77A5D5}.Debug|iPhoneSimulator.Build.0 = Debug|iPhoneSimulator
		{7E992340-0410-443D-BD87-589FAD77A5D5}.Release|iPhone.ActiveCfg = Release|iPhone
		{7E992340-0410-443D-BD87-589FAD77A5D5}.Release|iPhone.Build.0 = Release|iPhone
		{7E992340-0410-443D-BD87-589FAD77A5D5}.Release|iPhoneSimulator.ActiveCfg = Release|iPhoneSimulator
		{7E992340-0410-443D-BD87-589FAD77A5D5}.Release|iPhoneSimulator.Build.0 = Release|iPhoneSimulator
		{7E992340-0410-443D-BD87-589FAD77A5D5}.Debug|iPhone.ActiveCfg = Debug|iPhone
		{7E992340-0410-443D-BD87-589FAD77A5D5}.Debug|iPhone.Build.0 = Debug|iPhone
	EndGlobalSection
EndGlobal
